<?xml version="1.0" encoding="utf-8"?>
<Project ToolsVersion="4.0" xmlns="http://schemas.microsoft.com/developer/msbuild/2003">
  <ItemGroup>
    <Filter Include="Source Files">
      <UniqueIdentifier>{4FC737F1-C7A5-4376-A066-2A32D752A2FF}</UniqueIdentifier>
      <Extensions>cpp;c;cc;cxx;def;odl;idl;hpj;bat;asm;asmx</Extensions>
    </Filter>
    <Filter Include="Header Files">
      <UniqueIdentifier>{93995380-89BD-4b04-88EB-625FBE52EBFB}</UniqueIdentifier>
      <Extensions>h;hpp;hxx;hm;inl;inc;xsd</Extensions>
    </Filter>
    <Filter Include="Resource Files">
      <UniqueIdentifier>{67DA6AB6-F800-4c08-8B7A-83BB121AAD01}</UniqueIdentifier>
      <Extensions>rc;ico;cur;bmp;dlg;rc2;rct;bin;rgs;gif;jpg;jpeg;jpe;resx;tiff;tif;png;wav</Extensions>
    </Filter>
    <Filter Include="SRC">
      <UniqueIdentifier>{92e54a82-eb6f-401e-8270-dae9a31b7196}</UniqueIdentifier>
    </Filter>
    <Filter Include="H">
      <UniqueIdentifier>{ff59a11e-0eca-405c-b820-1b53f543adb5}</UniqueIdentifier>
    </Filter>
  </ItemGroup>
  <ItemGroup>
    <ClCompile Include="dllmain.cpp">
      <Filter>Source Files</Filter>
    </ClCompile>
    <ClCompile Include="stdafx.cpp">
      <Filter>Source Files</Filter>
    </ClCompile>
    <ClCompile Include="..\src\libcpputil_event.cpp">
      <Filter>SRC</Filter>
    </ClCompile>
    <ClCompile Include="..\src\libcpputil_ext.cpp">
      <Filter>SRC</Filter>
    </ClCompile>
    <ClCompile Include="..\src\libcpputil_net_epoll_kqueue.cpp">
      <Filter>SRC</Filter>
    </ClCompile>
    <ClCompile Include="..\src\libcpputil_net_iocp.cpp">
      <Filter>SRC</Filter>
    </ClCompile>
    <ClCompile Include="..\src\libcpputil_net_pkg.cpp">
      <Filter>SRC</Filter>
    </ClCompile>
    <ClCompile Include="..\src\libcpputil_net_pub.cpp">
      <Filter>SRC</Filter>
    </ClCompile>
    <ClCompile Include="..\src\libcpputil_net_txt.cpp">
      <Filter>SRC</Filter>
    </ClCompile>
    <ClCompile Include="..\src\libcpputil_obj.cpp">
      <Filter>SRC</Filter>
    </ClCompile>
    <ClCompile Include="..\src\libcpputil_test.cpp">
      <Filter>SRC</Filter>
    </ClCompile>
    <ClCompile Include="..\src\libcpputil_thread.cpp">
      <Filter>SRC</Filter>
    </ClCompile>
    <ClCompile Include="..\src\libcpputil_wait.cpp">
      <Filter>SRC</Filter>
    </ClCompile>
  </ItemGroup>
  <ItemGroup>
    <None Include="libcpputil.def">
      <Filter>Source Files</Filter>
    </None>
  </ItemGroup>
  <ItemGroup>
    <ClInclude Include="resource.h">
      <Filter>Header Files</Filter>
    </ClInclude>
    <ClInclude Include="stdafx.h">
      <Filter>Header Files</Filter>
    </ClInclude>
    <ClInclude Include="targetver.h">
      <Filter>Header Files</Filter>
    </ClInclude>
    <ClInclude Include="..\..\include\libcpputil.h">
      <Filter>H</Filter>
    </ClInclude>
    <ClInclude Include="..\src\libcpputil_def.h">
      <Filter>H</Filter>
    </ClInclude>
    <ClInclude Include="..\..\include\libcpputil_event.h">
      <Filter>H</Filter>
    </ClInclude>
    <ClInclude Include="..\src\libcpputil_event_imp.h">
      <Filter>H</Filter>
    </ClInclude>
    <ClInclude Include="..\..\include\libcpputil_net.h">
      <Filter>H</Filter>
    </ClInclude>
    <ClInclude Include="..\src\libcpputil_net_epoll_kqueue.h">
      <Filter>H</Filter>
    </ClInclude>
    <ClInclude Include="..\src\libcpputil_net_iocp.h">
      <Filter>H</Filter>
    </ClInclude>
    <ClInclude Include="..\..\include\libcpputil_net_pkg.h">
      <Filter>H</Filter>
    </ClInclude>
    <ClInclude Include="..\..\include\libcpputil_net_txt.h">
      <Filter>H</Filter>
    </ClInclude>
    <ClInclude Include="..\..\include\libcpputil_thread.h">
      <Filter>H</Filter>
    </ClInclude>
    <ClInclude Include="..\..\include\libcpputil_wait.h">
      <Filter>H</Filter>
    </ClInclude>
    <ClInclude Include="..\src\libcpputil_wait_imp.h">
      <Filter>H</Filter>
    </ClInclude>
  </ItemGroup>
  <ItemGroup>
    <ResourceCompile Include="libcpputil.rc">
      <Filter>Resource Files</Filter>
    </ResourceCompile>
  </ItemGroup>
</Project>