
Microsoft Visual Studio Solution File, Format Version 10.00
# Visual Studio 2008
Project("{8BC9CEB8-8B4A-11D0-8D11-00A0C91BC942}") = "libcpputil", "libcpputil.vcproj", "{708D2645-C076-40FA-8216-27B10363ACEB}"
	ProjectSection(ProjectDependencies) = postProject
		{25E7FAC9-4E38-4F9C-A964-229427F60F41} = {25E7FAC9-4E38-4F9C-A964-229427F60F41}
		{7A2A8FCF-A256-4E92-88E2-6FE194B00FE6} = {7A2A8FCF-A256-4E92-88E2-6FE194B00FE6}
		{8FA481F7-D258-4B4F-A776-5AC46D531C3B} = {8FA481F7-D258-4B4F-A776-5AC46D531C3B}
	EndProjectSection
EndProject
Project("{8BC9CEB8-8B4A-11D0-8D11-00A0C91BC942}") = "libcpputiltest", "..\libcpputiltest\libcpputiltest.vcproj", "{4467645C-BFFE-40A2-B848-5BDD8AF87BF2}"
	ProjectSection(ProjectDependencies) = postProject
		{708D2645-C076-40FA-8216-27B10363ACEB} = {708D2645-C076-40FA-8216-27B10363ACEB}
		{25E7FAC9-4E38-4F9C-A964-229427F60F41} = {25E7FAC9-4E38-4F9C-A964-229427F60F41}
		{7A2A8FCF-A256-4E92-88E2-6FE194B00FE6} = {7A2A8FCF-A256-4E92-88E2-6FE194B00FE6}
		{8FA481F7-D258-4B4F-A776-5AC46D531C3B} = {8FA481F7-D258-4B4F-A776-5AC46D531C3B}
	EndProjectSection
EndProject
Project("{8BC9CEB8-8B4A-11D0-8D11-00A0C91BC942}") = "Adapi90", "..\..\adapi\windows\Adapi90.vcproj", "{7A2A8FCF-A256-4E92-88E2-6FE194B00FE6}"
EndProject
Project("{8BC9CEB8-8B4A-11D0-8D11-00A0C91BC942}") = "rde90", "..\..\rde\windows\rde90.vcproj", "{25E7FAC9-4E38-4F9C-A964-229427F60F41}"
	ProjectSection(ProjectDependencies) = postProject
		{7A2A8FCF-A256-4E92-88E2-6FE194B00FE6} = {7A2A8FCF-A256-4E92-88E2-6FE194B00FE6}
	EndProjectSection
EndProject
Project("{8BC9CEB8-8B4A-11D0-8D11-00A0C91BC942}") = "libmalloc", "..\..\libmalloc\windows\libmalloc.vcproj", "{8FA481F7-D258-4B4F-A776-5AC46D531C3B}"
EndProject
Global
	GlobalSection(SolutionConfigurationPlatforms) = preSolution
		Debug|Win32 = Debug|Win32
		Debug|x64 = Debug|x64
		DebugStatic|Win32 = DebugStatic|Win32
		DebugStatic|x64 = DebugStatic|x64
		Release|Win32 = Release|Win32
		Release|x64 = Release|x64
		ReleaseLite|Win32 = ReleaseLite|Win32
		ReleaseLite|x64 = ReleaseLite|x64
		ReleaseNoAdapi|Win32 = ReleaseNoAdapi|Win32
		ReleaseNoAdapi|x64 = ReleaseNoAdapi|x64
		ReleaseStatic|Win32 = ReleaseStatic|Win32
		ReleaseStatic|x64 = ReleaseStatic|x64
		ReleaseStaticMemleak|Win32 = ReleaseStaticMemleak|Win32
		ReleaseStaticMemleak|x64 = ReleaseStaticMemleak|x64
	EndGlobalSection
	GlobalSection(ProjectConfigurationPlatforms) = postSolution
		{708D2645-C076-40FA-8216-27B10363ACEB}.Debug|Win32.ActiveCfg = Debug|Win32
		{708D2645-C076-40FA-8216-27B10363ACEB}.Debug|Win32.Build.0 = Debug|Win32
		{708D2645-C076-40FA-8216-27B10363ACEB}.Debug|x64.ActiveCfg = Debug|x64
		{708D2645-C076-40FA-8216-27B10363ACEB}.Debug|x64.Build.0 = Debug|x64
		{708D2645-C076-40FA-8216-27B10363ACEB}.DebugStatic|Win32.ActiveCfg = Debug|Win32
		{708D2645-C076-40FA-8216-27B10363ACEB}.DebugStatic|Win32.Build.0 = Debug|Win32
		{708D2645-C076-40FA-8216-27B10363ACEB}.DebugStatic|x64.ActiveCfg = Debug|x64
		{708D2645-C076-40FA-8216-27B10363ACEB}.DebugStatic|x64.Build.0 = Debug|x64
		{708D2645-C076-40FA-8216-27B10363ACEB}.Release|Win32.ActiveCfg = Release|Win32
		{708D2645-C076-40FA-8216-27B10363ACEB}.Release|Win32.Build.0 = Release|Win32
		{708D2645-C076-40FA-8216-27B10363ACEB}.Release|x64.ActiveCfg = Release|x64
		{708D2645-C076-40FA-8216-27B10363ACEB}.Release|x64.Build.0 = Release|x64
		{708D2645-C076-40FA-8216-27B10363ACEB}.ReleaseLite|Win32.ActiveCfg = ReleaseLite|Win32
		{708D2645-C076-40FA-8216-27B10363ACEB}.ReleaseLite|Win32.Build.0 = ReleaseLite|Win32
		{708D2645-C076-40FA-8216-27B10363ACEB}.ReleaseLite|x64.ActiveCfg = ReleaseLite|x64
		{708D2645-C076-40FA-8216-27B10363ACEB}.ReleaseLite|x64.Build.0 = ReleaseLite|x64
		{708D2645-C076-40FA-8216-27B10363ACEB}.ReleaseNoAdapi|Win32.ActiveCfg = ReleaseLite|Win32
		{708D2645-C076-40FA-8216-27B10363ACEB}.ReleaseNoAdapi|Win32.Build.0 = ReleaseLite|Win32
		{708D2645-C076-40FA-8216-27B10363ACEB}.ReleaseNoAdapi|x64.ActiveCfg = ReleaseLite|x64
		{708D2645-C076-40FA-8216-27B10363ACEB}.ReleaseNoAdapi|x64.Build.0 = ReleaseLite|x64
		{708D2645-C076-40FA-8216-27B10363ACEB}.ReleaseStatic|Win32.ActiveCfg = ReleaseLite|Win32
		{708D2645-C076-40FA-8216-27B10363ACEB}.ReleaseStatic|Win32.Build.0 = ReleaseLite|Win32
		{708D2645-C076-40FA-8216-27B10363ACEB}.ReleaseStatic|x64.ActiveCfg = ReleaseLite|x64
		{708D2645-C076-40FA-8216-27B10363ACEB}.ReleaseStatic|x64.Build.0 = ReleaseLite|x64
		{708D2645-C076-40FA-8216-27B10363ACEB}.ReleaseStaticMemleak|Win32.ActiveCfg = ReleaseLite|Win32
		{708D2645-C076-40FA-8216-27B10363ACEB}.ReleaseStaticMemleak|Win32.Build.0 = ReleaseLite|Win32
		{708D2645-C076-40FA-8216-27B10363ACEB}.ReleaseStaticMemleak|x64.ActiveCfg = ReleaseLite|x64
		{708D2645-C076-40FA-8216-27B10363ACEB}.ReleaseStaticMemleak|x64.Build.0 = ReleaseLite|x64
		{4467645C-BFFE-40A2-B848-5BDD8AF87BF2}.Debug|Win32.ActiveCfg = Debug|Win32
		{4467645C-BFFE-40A2-B848-5BDD8AF87BF2}.Debug|Win32.Build.0 = Debug|Win32
		{4467645C-BFFE-40A2-B848-5BDD8AF87BF2}.Debug|x64.ActiveCfg = Debug|x64
		{4467645C-BFFE-40A2-B848-5BDD8AF87BF2}.Debug|x64.Build.0 = Debug|x64
		{4467645C-BFFE-40A2-B848-5BDD8AF87BF2}.DebugStatic|Win32.ActiveCfg = Debug|Win32
		{4467645C-BFFE-40A2-B848-5BDD8AF87BF2}.DebugStatic|Win32.Build.0 = Debug|Win32
		{4467645C-BFFE-40A2-B848-5BDD8AF87BF2}.DebugStatic|x64.ActiveCfg = Debug|x64
		{4467645C-BFFE-40A2-B848-5BDD8AF87BF2}.DebugStatic|x64.Build.0 = Debug|x64
		{4467645C-BFFE-40A2-B848-5BDD8AF87BF2}.Release|Win32.ActiveCfg = Release|Win32
		{4467645C-BFFE-40A2-B848-5BDD8AF87BF2}.Release|Win32.Build.0 = Release|Win32
		{4467645C-BFFE-40A2-B848-5BDD8AF87BF2}.Release|x64.ActiveCfg = Release|x64
		{4467645C-BFFE-40A2-B848-5BDD8AF87BF2}.ReleaseLite|Win32.ActiveCfg = Release|Win32
		{4467645C-BFFE-40A2-B848-5BDD8AF87BF2}.ReleaseLite|Win32.Build.0 = Release|Win32
		{4467645C-BFFE-40A2-B848-5BDD8AF87BF2}.ReleaseLite|x64.ActiveCfg = Release|x64
		{4467645C-BFFE-40A2-B848-5BDD8AF87BF2}.ReleaseLite|x64.Build.0 = Release|x64
		{4467645C-BFFE-40A2-B848-5BDD8AF87BF2}.ReleaseNoAdapi|Win32.ActiveCfg = Release|Win32
		{4467645C-BFFE-40A2-B848-5BDD8AF87BF2}.ReleaseNoAdapi|Win32.Build.0 = Release|Win32
		{4467645C-BFFE-40A2-B848-5BDD8AF87BF2}.ReleaseNoAdapi|x64.ActiveCfg = Release|x64
		{4467645C-BFFE-40A2-B848-5BDD8AF87BF2}.ReleaseNoAdapi|x64.Build.0 = Release|x64
		{4467645C-BFFE-40A2-B848-5BDD8AF87BF2}.ReleaseStatic|Win32.ActiveCfg = Release|Win32
		{4467645C-BFFE-40A2-B848-5BDD8AF87BF2}.ReleaseStatic|Win32.Build.0 = Release|Win32
		{4467645C-BFFE-40A2-B848-5BDD8AF87BF2}.ReleaseStatic|x64.ActiveCfg = Release|x64
		{4467645C-BFFE-40A2-B848-5BDD8AF87BF2}.ReleaseStatic|x64.Build.0 = Release|x64
		{4467645C-BFFE-40A2-B848-5BDD8AF87BF2}.ReleaseStaticMemleak|Win32.ActiveCfg = Release|Win32
		{4467645C-BFFE-40A2-B848-5BDD8AF87BF2}.ReleaseStaticMemleak|Win32.Build.0 = Release|Win32
		{4467645C-BFFE-40A2-B848-5BDD8AF87BF2}.ReleaseStaticMemleak|x64.ActiveCfg = Release|x64
		{4467645C-BFFE-40A2-B848-5BDD8AF87BF2}.ReleaseStaticMemleak|x64.Build.0 = Release|x64
		{7A2A8FCF-A256-4E92-88E2-6FE194B00FE6}.Debug|Win32.ActiveCfg = Debug|Win32
		{7A2A8FCF-A256-4E92-88E2-6FE194B00FE6}.Debug|Win32.Build.0 = Debug|Win32
		{7A2A8FCF-A256-4E92-88E2-6FE194B00FE6}.Debug|x64.ActiveCfg = Debug|x64
		{7A2A8FCF-A256-4E92-88E2-6FE194B00FE6}.Debug|x64.Build.0 = Debug|x64
		{7A2A8FCF-A256-4E92-88E2-6FE194B00FE6}.DebugStatic|Win32.ActiveCfg = DebugStatic|Win32
		{7A2A8FCF-A256-4E92-88E2-6FE194B00FE6}.DebugStatic|Win32.Build.0 = DebugStatic|Win32
		{7A2A8FCF-A256-4E92-88E2-6FE194B00FE6}.DebugStatic|x64.ActiveCfg = DebugStatic|x64
		{7A2A8FCF-A256-4E92-88E2-6FE194B00FE6}.DebugStatic|x64.Build.0 = DebugStatic|x64
		{7A2A8FCF-A256-4E92-88E2-6FE194B00FE6}.Release|Win32.ActiveCfg = Release|Win32
		{7A2A8FCF-A256-4E92-88E2-6FE194B00FE6}.Release|Win32.Build.0 = Release|Win32
		{7A2A8FCF-A256-4E92-88E2-6FE194B00FE6}.Release|x64.ActiveCfg = Release|x64
		{7A2A8FCF-A256-4E92-88E2-6FE194B00FE6}.Release|x64.Build.0 = Release|x64
		{7A2A8FCF-A256-4E92-88E2-6FE194B00FE6}.ReleaseLite|Win32.ActiveCfg = ReleaseStaticMemleak|Win32
		{7A2A8FCF-A256-4E92-88E2-6FE194B00FE6}.ReleaseLite|Win32.Build.0 = ReleaseStaticMemleak|Win32
		{7A2A8FCF-A256-4E92-88E2-6FE194B00FE6}.ReleaseLite|x64.ActiveCfg = ReleaseStaticMemleak|x64
		{7A2A8FCF-A256-4E92-88E2-6FE194B00FE6}.ReleaseLite|x64.Build.0 = ReleaseStaticMemleak|x64
		{7A2A8FCF-A256-4E92-88E2-6FE194B00FE6}.ReleaseNoAdapi|Win32.ActiveCfg = ReleaseStaticMemleak|Win32
		{7A2A8FCF-A256-4E92-88E2-6FE194B00FE6}.ReleaseNoAdapi|Win32.Build.0 = ReleaseStaticMemleak|Win32
		{7A2A8FCF-A256-4E92-88E2-6FE194B00FE6}.ReleaseNoAdapi|x64.ActiveCfg = ReleaseStaticMemleak|x64
		{7A2A8FCF-A256-4E92-88E2-6FE194B00FE6}.ReleaseNoAdapi|x64.Build.0 = ReleaseStaticMemleak|x64
		{7A2A8FCF-A256-4E92-88E2-6FE194B00FE6}.ReleaseStatic|Win32.ActiveCfg = ReleaseStatic|Win32
		{7A2A8FCF-A256-4E92-88E2-6FE194B00FE6}.ReleaseStatic|Win32.Build.0 = ReleaseStatic|Win32
		{7A2A8FCF-A256-4E92-88E2-6FE194B00FE6}.ReleaseStatic|x64.ActiveCfg = ReleaseStatic|x64
		{7A2A8FCF-A256-4E92-88E2-6FE194B00FE6}.ReleaseStatic|x64.Build.0 = ReleaseStatic|x64
		{7A2A8FCF-A256-4E92-88E2-6FE194B00FE6}.ReleaseStaticMemleak|Win32.ActiveCfg = ReleaseStaticMemleak|Win32
		{7A2A8FCF-A256-4E92-88E2-6FE194B00FE6}.ReleaseStaticMemleak|Win32.Build.0 = ReleaseStaticMemleak|Win32
		{7A2A8FCF-A256-4E92-88E2-6FE194B00FE6}.ReleaseStaticMemleak|x64.ActiveCfg = ReleaseStaticMemleak|x64
		{7A2A8FCF-A256-4E92-88E2-6FE194B00FE6}.ReleaseStaticMemleak|x64.Build.0 = ReleaseStaticMemleak|x64
		{25E7FAC9-4E38-4F9C-A964-229427F60F41}.Debug|Win32.ActiveCfg = Debug|Win32
		{25E7FAC9-4E38-4F9C-A964-229427F60F41}.Debug|Win32.Build.0 = Debug|Win32
		{25E7FAC9-4E38-4F9C-A964-229427F60F41}.Debug|x64.ActiveCfg = Debug|x64
		{25E7FAC9-4E38-4F9C-A964-229427F60F41}.Debug|x64.Build.0 = Debug|x64
		{25E7FAC9-4E38-4F9C-A964-229427F60F41}.DebugStatic|Win32.ActiveCfg = DebugStatic|Win32
		{25E7FAC9-4E38-4F9C-A964-229427F60F41}.DebugStatic|Win32.Build.0 = DebugStatic|Win32
		{25E7FAC9-4E38-4F9C-A964-229427F60F41}.DebugStatic|x64.ActiveCfg = DebugStatic|Win32
		{25E7FAC9-4E38-4F9C-A964-229427F60F41}.Release|Win32.ActiveCfg = Release|Win32
		{25E7FAC9-4E38-4F9C-A964-229427F60F41}.Release|Win32.Build.0 = Release|Win32
		{25E7FAC9-4E38-4F9C-A964-229427F60F41}.Release|x64.ActiveCfg = Release|x64
		{25E7FAC9-4E38-4F9C-A964-229427F60F41}.Release|x64.Build.0 = Release|x64
		{25E7FAC9-4E38-4F9C-A964-229427F60F41}.ReleaseLite|Win32.ActiveCfg = ReleaseNoAdapi|Win32
		{25E7FAC9-4E38-4F9C-A964-229427F60F41}.ReleaseLite|Win32.Build.0 = ReleaseNoAdapi|Win32
		{25E7FAC9-4E38-4F9C-A964-229427F60F41}.ReleaseLite|x64.ActiveCfg = ReleaseStatic|Win32
		{25E7FAC9-4E38-4F9C-A964-229427F60F41}.ReleaseNoAdapi|Win32.ActiveCfg = ReleaseNoAdapi|Win32
		{25E7FAC9-4E38-4F9C-A964-229427F60F41}.ReleaseNoAdapi|Win32.Build.0 = ReleaseNoAdapi|Win32
		{25E7FAC9-4E38-4F9C-A964-229427F60F41}.ReleaseNoAdapi|x64.ActiveCfg = ReleaseNoAdapi|Win32
		{25E7FAC9-4E38-4F9C-A964-229427F60F41}.ReleaseStatic|Win32.ActiveCfg = ReleaseStatic|Win32
		{25E7FAC9-4E38-4F9C-A964-229427F60F41}.ReleaseStatic|Win32.Build.0 = ReleaseStatic|Win32
		{25E7FAC9-4E38-4F9C-A964-229427F60F41}.ReleaseStatic|x64.ActiveCfg = ReleaseStatic|Win32
		{25E7FAC9-4E38-4F9C-A964-229427F60F41}.ReleaseStaticMemleak|Win32.ActiveCfg = ReleaseStatic|Win32
		{25E7FAC9-4E38-4F9C-A964-229427F60F41}.ReleaseStaticMemleak|Win32.Build.0 = ReleaseStatic|Win32
		{25E7FAC9-4E38-4F9C-A964-229427F60F41}.ReleaseStaticMemleak|x64.ActiveCfg = ReleaseStatic|Win32
		{8FA481F7-D258-4B4F-A776-5AC46D531C3B}.Debug|Win32.ActiveCfg = Debug|Win32
		{8FA481F7-D258-4B4F-A776-5AC46D531C3B}.Debug|Win32.Build.0 = Debug|Win32
		{8FA481F7-D258-4B4F-A776-5AC46D531C3B}.Debug|x64.ActiveCfg = Debug|x64
		{8FA481F7-D258-4B4F-A776-5AC46D531C3B}.Debug|x64.Build.0 = Debug|x64
		{8FA481F7-D258-4B4F-A776-5AC46D531C3B}.DebugStatic|Win32.ActiveCfg = Debug|Win32
		{8FA481F7-D258-4B4F-A776-5AC46D531C3B}.DebugStatic|Win32.Build.0 = Debug|Win32
		{8FA481F7-D258-4B4F-A776-5AC46D531C3B}.DebugStatic|x64.ActiveCfg = Debug|x64
		{8FA481F7-D258-4B4F-A776-5AC46D531C3B}.DebugStatic|x64.Build.0 = Debug|x64
		{8FA481F7-D258-4B4F-A776-5AC46D531C3B}.Release|Win32.ActiveCfg = Release|Win32
		{8FA481F7-D258-4B4F-A776-5AC46D531C3B}.Release|Win32.Build.0 = Release|Win32
		{8FA481F7-D258-4B4F-A776-5AC46D531C3B}.Release|x64.ActiveCfg = Release|x64
		{8FA481F7-D258-4B4F-A776-5AC46D531C3B}.Release|x64.Build.0 = Release|x64
		{8FA481F7-D258-4B4F-A776-5AC46D531C3B}.ReleaseLite|Win32.ActiveCfg = Release|Win32
		{8FA481F7-D258-4B4F-A776-5AC46D531C3B}.ReleaseLite|Win32.Build.0 = Release|Win32
		{8FA481F7-D258-4B4F-A776-5AC46D531C3B}.ReleaseLite|x64.ActiveCfg = Release|x64
		{8FA481F7-D258-4B4F-A776-5AC46D531C3B}.ReleaseLite|x64.Build.0 = Release|x64
		{8FA481F7-D258-4B4F-A776-5AC46D531C3B}.ReleaseNoAdapi|Win32.ActiveCfg = Release|Win32
		{8FA481F7-D258-4B4F-A776-5AC46D531C3B}.ReleaseNoAdapi|Win32.Build.0 = Release|Win32
		{8FA481F7-D258-4B4F-A776-5AC46D531C3B}.ReleaseNoAdapi|x64.ActiveCfg = Release|x64
		{8FA481F7-D258-4B4F-A776-5AC46D531C3B}.ReleaseNoAdapi|x64.Build.0 = Release|x64
		{8FA481F7-D258-4B4F-A776-5AC46D531C3B}.ReleaseStatic|Win32.ActiveCfg = Release|Win32
		{8FA481F7-D258-4B4F-A776-5AC46D531C3B}.ReleaseStatic|Win32.Build.0 = Release|Win32
		{8FA481F7-D258-4B4F-A776-5AC46D531C3B}.ReleaseStatic|x64.ActiveCfg = Release|x64
		{8FA481F7-D258-4B4F-A776-5AC46D531C3B}.ReleaseStatic|x64.Build.0 = Release|x64
		{8FA481F7-D258-4B4F-A776-5AC46D531C3B}.ReleaseStaticMemleak|Win32.ActiveCfg = Release|Win32
		{8FA481F7-D258-4B4F-A776-5AC46D531C3B}.ReleaseStaticMemleak|Win32.Build.0 = Release|Win32
		{8FA481F7-D258-4B4F-A776-5AC46D531C3B}.ReleaseStaticMemleak|x64.ActiveCfg = Release|x64
		{8FA481F7-D258-4B4F-A776-5AC46D531C3B}.ReleaseStaticMemleak|x64.Build.0 = Release|x64
	EndGlobalSection
	GlobalSection(SolutionProperties) = preSolution
		HideSolutionNode = FALSE
	EndGlobalSection
EndGlobal
