<?xml version="1.0" encoding="utf-8"?>
<Project ToolsVersion="4.0" xmlns="http://schemas.microsoft.com/developer/msbuild/2003">
  <ItemGroup>
    <Filter Include="Source Files">
      <UniqueIdentifier>{4FC737F1-C7A5-4376-A066-2A32D752A2FF}</UniqueIdentifier>
      <Extensions>cpp;c;cc;cxx;def;odl;idl;hpj;bat;asm;asmx</Extensions>
    </Filter>
    <Filter Include="Header Files">
      <UniqueIdentifier>{93995380-89BD-4b04-88EB-625FBE52EBFB}</UniqueIdentifier>
      <Extensions>h;hh;hpp;hxx;hm;inl;inc;xsd</Extensions>
    </Filter>
    <Filter Include="Resource Files">
      <UniqueIdentifier>{67DA6AB6-F800-4c08-8B7A-83BB121AAD01}</UniqueIdentifier>
      <Extensions>rc;ico;cur;bmp;dlg;rc2;rct;bin;rgs;gif;jpg;jpeg;jpe;resx;tiff;tif;png;wav;mfcribbon-ms</Extensions>
    </Filter>
    <Filter Include="src">
      <UniqueIdentifier>{e6de50dd-b706-4e3f-ab3e-4297e9a68415}</UniqueIdentifier>
    </Filter>
  </ItemGroup>
  <ItemGroup>
    <ClInclude Include="stdafx.h">
      <Filter>Header Files</Filter>
    </ClInclude>
    <ClInclude Include="targetver.h">
      <Filter>Header Files</Filter>
    </ClInclude>
    <ClInclude Include="..\src\libcpputil_def.h">
      <Filter>src</Filter>
    </ClInclude>
    <ClInclude Include="..\src\libcpputil_event_imp.h">
      <Filter>src</Filter>
    </ClInclude>
    <ClInclude Include="..\src\libcpputil_net_select.h">
      <Filter>src</Filter>
    </ClInclude>
    <ClInclude Include="..\src\libcpputil_net_udp.h">
      <Filter>src</Filter>
    </ClInclude>
    <ClInclude Include="..\src\libcpputil_thread_imp.h">
      <Filter>src</Filter>
    </ClInclude>
    <ClInclude Include="..\..\include\libcpputil.h">
      <Filter>src</Filter>
    </ClInclude>
    <ClInclude Include="..\..\include\libcpputil_rtmp.h">
      <Filter>src</Filter>
    </ClInclude>
    <ClInclude Include="..\..\include\libcpputil_var.h">
      <Filter>src</Filter>
    </ClInclude>
    <ClInclude Include="..\..\include\libcpputil_net.h">
      <Filter>src</Filter>
    </ClInclude>
    <ClInclude Include="..\..\include\libcpputil_config.h">
      <Filter>src</Filter>
    </ClInclude>
    <ClInclude Include="..\..\include\libcpputil_event.h">
      <Filter>src</Filter>
    </ClInclude>
    <ClInclude Include="..\..\include\libcpputil_thread.h">
      <Filter>src</Filter>
    </ClInclude>
    <ClInclude Include="..\src\libcpputil_net_imp.h">
      <Filter>src</Filter>
    </ClInclude>
  </ItemGroup>
  <ItemGroup>
    <ClCompile Include="stdafx.cpp">
      <Filter>Source Files</Filter>
    </ClCompile>
    <ClCompile Include="..\src\libcpputil_config.cpp">
      <Filter>src</Filter>
    </ClCompile>
    <ClCompile Include="..\src\libcpputil_event.cpp">
      <Filter>src</Filter>
    </ClCompile>
    <ClCompile Include="..\src\libcpputil_ext.cpp">
      <Filter>src</Filter>
    </ClCompile>
    <ClCompile Include="..\src\libcpputil_global.cpp">
      <Filter>src</Filter>
    </ClCompile>
    <ClCompile Include="..\src\libcpputil_net_pub.cpp">
      <Filter>src</Filter>
    </ClCompile>
    <ClCompile Include="..\src\libcpputil_net_select.cpp">
      <Filter>src</Filter>
    </ClCompile>
    <ClCompile Include="..\src\libcpputil_net_udp.cpp">
      <Filter>src</Filter>
    </ClCompile>
    <ClCompile Include="..\src\libcpputil_obj.cpp">
      <Filter>src</Filter>
    </ClCompile>
    <ClCompile Include="..\src\libcpputil_rtmp.cpp">
      <Filter>src</Filter>
    </ClCompile>
    <ClCompile Include="..\src\libcpputil_test.cpp">
      <Filter>src</Filter>
    </ClCompile>
    <ClCompile Include="..\src\libcpputil_thread.cpp">
      <Filter>src</Filter>
    </ClCompile>
    <ClCompile Include="..\src\libcpputil_thread_imp.cpp">
      <Filter>src</Filter>
    </ClCompile>
    <ClCompile Include="..\src\libcpputil_var.cpp">
      <Filter>src</Filter>
    </ClCompile>
    <ClCompile Include="..\src\libcpputil_wait.cpp">
      <Filter>src</Filter>
    </ClCompile>
    <ClCompile Include="..\src\libcpputil_amf.cpp">
      <Filter>src</Filter>
    </ClCompile>
    <ClCompile Include="..\src\libcpputil_net_imp.cpp">
      <Filter>src</Filter>
    </ClCompile>
  </ItemGroup>
  <ItemGroup>
    <None Include="libcpputil.def">
      <Filter>src</Filter>
    </None>
  </ItemGroup>
</Project>